
Microsoft Visual Studio Solution File, Format Version 12.00
# Visual Studio 14
VisualStudioVersion = 14.0.25420.1
MinimumVisualStudioVersion = 10.0.40219.1
Project("{FAE04EC0-301F-11D3-BF4B-00C04F79EFBC}") = "Core", "Core\Core.csproj", "{0AF5703A-F149-4F0C-964B-E8FE2611208A}"
EndProject
Project("{FAE04EC0-301F-11D3-BF4B-00C04F79EFBC}") = "CoreUnitTest", "CoreUnitTest\CoreUnitTest.csproj", "{9B6B3C31-C725-4519-ADD5-93525889CBE5}"
EndProject
Global
	GlobalSection(SolutionConfigurationPlatforms) = preSolution
		Debug|Any CPU = Debug|Any CPU
		Release|Any CPU = Release|Any CPU
	EndGlobalSection
	GlobalSection(ProjectConfigurationPlatforms) = postSolution
		{0AF5703A-F149-4F0C-964B-E8FE2611208A}.Debug|Any CPU.ActiveCfg = Debug|Any CPU
		{0AF5703A-F149-4F0C-964B-E8FE2611208A}.Debug|Any CPU.Build.0 = Debug|Any CPU
		{0AF5703A-F149-4F0C-964B-E8FE2611208A}.Release|Any CPU.ActiveCfg = Release|Any CPU
		{0AF5703A-F149-4F0C-964B-E8FE2611208A}.Release|Any CPU.Build.0 = Release|Any CPU
		{9B6B3C31-C725-4519-ADD5-93525889CBE5}.Debug|Any CPU.ActiveCfg = Debug|Any CPU
		{9B6B3C31-C725-4519-ADD5-93525889CBE5}.Debug|Any CPU.Build.0 = Debug|Any CPU
		{9B6B3C31-C725-4519-ADD5-93525889CBE5}.Release|Any CPU.ActiveCfg = Release|Any CPU
		{9B6B3C31-C725-4519-ADD5-93525889CBE5}.Release|Any CPU.Build.0 = Release|Any CPU
	EndGlobalSection
	GlobalSection(SolutionProperties) = preSolution
		HideSolutionNode = FALSE
	EndGlobalSection
EndGlobal
